
Microsoft Visual Studio Solution File, Format Version 12.00
# Visual Studio 2013
VisualStudioVersion = 12.0.21005.1
MinimumVisualStudioVersion = 10.0.40219.1
Project("{FAE04EC0-301F-11D3-BF4B-00C04F79EFBC}") = "Crowdfunding", "Crowdfunding\Crowdfunding.csproj", "{C637136D-F121-44B1-BCAD-72897ED539D3}"
EndProject
Global
	GlobalSection(SolutionConfigurationPlatforms) = preSolution
		Debug|Any CPU = Debug|Any CPU
		Release|Any CPU = Release|Any CPU
	EndGlobalSection
	GlobalSection(ProjectConfigurationPlatforms) = postSolution
		{C637136D-F121-44B1-BCAD-72897ED539D3}.Debug|Any CPU.ActiveCfg = Debug|Any CPU
		{C637136D-F121-44B1-BCAD-72897ED539D3}.Debug|Any CPU.Build.0 = Debug|Any CPU
		{C637136D-F121-44B1-BCAD-72897ED539D3}.Release|Any CPU.ActiveCfg = Release|Any CPU
		{C637136D-F121-44B1-BCAD-72897ED539D3}.Release|Any CPU.Build.0 = Release|Any CPU
	EndGlobalSection
	GlobalSection(SolutionProperties) = preSolution
		HideSolutionNode = FALSE
	EndGlobalSection
EndGlobal
